
Microsoft Visual Studio Solution File, Format Version 12.00
# Visual Studio Version 16
VisualStudioVersion = 16.0.31424.327
MinimumVisualStudioVersion = 10.0.40219.1
Project("{FAE04EC0-301F-11D3-BF4B-00C04F79EFBC}") = "export_db", "export_db\export_db.csproj", "{C3327325-E291-4E12-AE51-A60EBAD1CB86}"
EndProject
Global
	GlobalSection(SolutionConfigurationPlatforms) = preSolution
		Debug|Any CPU = Debug|Any CPU
		Release|Any CPU = Release|Any CPU
	EndGlobalSection
	GlobalSection(ProjectConfigurationPlatforms) = postSolution
		{C3327325-E291-4E12-AE51-A60EBAD1CB86}.Debug|Any CPU.ActiveCfg = Debug|Any CPU
		{C3327325-E291-4E12-AE51-A60EBAD1CB86}.Debug|Any CPU.Build.0 = Debug|Any CPU
		{C3327325-E291-4E12-AE51-A60EBAD1CB86}.Release|Any CPU.ActiveCfg = Release|Any CPU
		{C3327325-E291-4E12-AE51-A60EBAD1CB86}.Release|Any CPU.Build.0 = Release|Any CPU
	EndGlobalSection
	GlobalSection(SolutionProperties) = preSolution
		HideSolutionNode = FALSE
	EndGlobalSection
	GlobalSection(ExtensibilityGlobals) = postSolution
		SolutionGuid = {0F110CE8-B627-4A0B-856F-F46657648411}
	EndGlobalSection
EndGlobal
